
Microsoft Visual Studio Solution File, Format Version 12.00
Project("{FAE04EC0-301F-11D3-BF4B-00C04F79EFBC}") = "Lessons9Task2", "Lessons9Task2\Lessons9Task2.csproj", "{3063E5AC-7C66-44F7-882B-928500F03CF7}"
EndProject
Project("{FAE04EC0-301F-11D3-BF4B-00C04F79EFBC}") = "lessons9Task3", "lessons9Task3\lessons9Task3.csproj", "{2F92349E-2BDE-40EE-AF2F-E7E275273FF6}"
EndProject
Project("{FAE04EC0-301F-11D3-BF4B-00C04F79EFBC}") = "Lessons9Task4", "Lessons9Task4\Lessons9Task4.csproj", "{E90211F6-2BB2-4D69-B622-0F4B05D3BADD}"
EndProject
Project("{FAE04EC0-301F-11D3-BF4B-00C04F79EFBC}") = "Lessons9Task6", "Lessons9Task6\Lessons9Task6.csproj", "{C5DEDDB2-9ABA-454A-B780-A60653876B46}"
EndProject
Global
	GlobalSection(SolutionConfigurationPlatforms) = preSolution
		Debug|Any CPU = Debug|Any CPU
		Release|Any CPU = Release|Any CPU
	EndGlobalSection
	GlobalSection(ProjectConfigurationPlatforms) = postSolution
		{3063E5AC-7C66-44F7-882B-928500F03CF7}.Debug|Any CPU.ActiveCfg = Debug|Any CPU
		{3063E5AC-7C66-44F7-882B-928500F03CF7}.Debug|Any CPU.Build.0 = Debug|Any CPU
		{3063E5AC-7C66-44F7-882B-928500F03CF7}.Release|Any CPU.ActiveCfg = Release|Any CPU
		{3063E5AC-7C66-44F7-882B-928500F03CF7}.Release|Any CPU.Build.0 = Release|Any CPU
		{2F92349E-2BDE-40EE-AF2F-E7E275273FF6}.Debug|Any CPU.ActiveCfg = Debug|Any CPU
		{2F92349E-2BDE-40EE-AF2F-E7E275273FF6}.Debug|Any CPU.Build.0 = Debug|Any CPU
		{2F92349E-2BDE-40EE-AF2F-E7E275273FF6}.Release|Any CPU.ActiveCfg = Release|Any CPU
		{2F92349E-2BDE-40EE-AF2F-E7E275273FF6}.Release|Any CPU.Build.0 = Release|Any CPU
		{E90211F6-2BB2-4D69-B622-0F4B05D3BADD}.Debug|Any CPU.ActiveCfg = Debug|Any CPU
		{E90211F6-2BB2-4D69-B622-0F4B05D3BADD}.Debug|Any CPU.Build.0 = Debug|Any CPU
		{E90211F6-2BB2-4D69-B622-0F4B05D3BADD}.Release|Any CPU.ActiveCfg = Release|Any CPU
		{E90211F6-2BB2-4D69-B622-0F4B05D3BADD}.Release|Any CPU.Build.0 = Release|Any CPU
		{C5DEDDB2-9ABA-454A-B780-A60653876B46}.Debug|Any CPU.ActiveCfg = Debug|Any CPU
		{C5DEDDB2-9ABA-454A-B780-A60653876B46}.Debug|Any CPU.Build.0 = Debug|Any CPU
		{C5DEDDB2-9ABA-454A-B780-A60653876B46}.Release|Any CPU.ActiveCfg = Release|Any CPU
		{C5DEDDB2-9ABA-454A-B780-A60653876B46}.Release|Any CPU.Build.0 = Release|Any CPU
	EndGlobalSection
EndGlobal
